
Microsoft Visual Studio Solution File, Format Version 12.00
# Visual Studio Version 17
VisualStudioVersion = 17.5.002.0
MinimumVisualStudioVersion = 10.0.40219.1
Project("{9A19103F-16F7-4668-BE54-9A1E7A4F7556}") = "ValoresMonetarios", "ValoresMonetarios.csproj", "{D6B88F46-25C6-42A3-97BD-EE899F8D449C}"
EndProject
Global
	GlobalSection(SolutionConfigurationPlatforms) = preSolution
		Debug|Any CPU = Debug|Any CPU
		Release|Any CPU = Release|Any CPU
	EndGlobalSection
	GlobalSection(ProjectConfigurationPlatforms) = postSolution
		{D6B88F46-25C6-42A3-97BD-EE899F8D449C}.Debug|Any CPU.ActiveCfg = Debug|Any CPU
		{D6B88F46-25C6-42A3-97BD-EE899F8D449C}.Debug|Any CPU.Build.0 = Debug|Any CPU
		{D6B88F46-25C6-42A3-97BD-EE899F8D449C}.Release|Any CPU.ActiveCfg = Release|Any CPU
		{D6B88F46-25C6-42A3-97BD-EE899F8D449C}.Release|Any CPU.Build.0 = Release|Any CPU
	EndGlobalSection
	GlobalSection(SolutionProperties) = preSolution
		HideSolutionNode = FALSE
	EndGlobalSection
	GlobalSection(ExtensibilityGlobals) = postSolution
		SolutionGuid = {601616C9-4643-46E7-ADE8-40415082BD3D}
	EndGlobalSection
EndGlobal
